
Microsoft Visual Studio Solution File, Format Version 12.00
# Visual Studio 15
VisualStudioVersion = 15.0.28010.2003
MinimumVisualStudioVersion = 10.0.40219.1
Project("{FAE04EC0-301F-11D3-BF4B-00C04F79EFBC}") = "ElGamalCryptosystem", "ElGamalCryptosystem\ElGamalCryptosystem.csproj", "{D24CDB6B-4A47-460C-864C-60C29CF40AB0}"
EndProject
Global
	GlobalSection(SolutionConfigurationPlatforms) = preSolution
		Debug|Any CPU = Debug|Any CPU
		Release|Any CPU = Release|Any CPU
	EndGlobalSection
	GlobalSection(ProjectConfigurationPlatforms) = postSolution
		{D24CDB6B-4A47-460C-864C-60C29CF40AB0}.Debug|Any CPU.ActiveCfg = Debug|Any CPU
		{D24CDB6B-4A47-460C-864C-60C29CF40AB0}.Debug|Any CPU.Build.0 = Debug|Any CPU
		{D24CDB6B-4A47-460C-864C-60C29CF40AB0}.Release|Any CPU.ActiveCfg = Release|Any CPU
		{D24CDB6B-4A47-460C-864C-60C29CF40AB0}.Release|Any CPU.Build.0 = Release|Any CPU
	EndGlobalSection
	GlobalSection(SolutionProperties) = preSolution
		HideSolutionNode = FALSE
	EndGlobalSection
	GlobalSection(ExtensibilityGlobals) = postSolution
		SolutionGuid = {D553FD79-3F42-45A9-BAA3-4113A17C041E}
	EndGlobalSection
EndGlobal
